
Microsoft Visual Studio Solution File, Format Version 12.00
# Visual Studio Version 17
VisualStudioVersion = 17.8.34408.163
MinimumVisualStudioVersion = 10.0.40219.1
Project("{8BC9CEB8-8B4A-11D0-8D11-00A0C91BC942}") = "CGT215-Lab03", "CGT215-Lab03.vcxproj", "{30ED3DD8-445F-4C73-8273-0A7A845014EF}"
EndProject
Global
	GlobalSection(SolutionConfigurationPlatforms) = preSolution
		Debug|x64 = Debug|x64
		Debug|x86 = Debug|x86
		Release|x64 = Release|x64
		Release|x86 = Release|x86
	EndGlobalSection
	GlobalSection(ProjectConfigurationPlatforms) = postSolution
		{30ED3DD8-445F-4C73-8273-0A7A845014EF}.Debug|x64.ActiveCfg = Debug|x64
		{30ED3DD8-445F-4C73-8273-0A7A845014EF}.Debug|x64.Build.0 = Debug|x64
		{30ED3DD8-445F-4C73-8273-0A7A845014EF}.Debug|x86.ActiveCfg = Debug|Win32
		{30ED3DD8-445F-4C73-8273-0A7A845014EF}.Debug|x86.Build.0 = Debug|Win32
		{30ED3DD8-445F-4C73-8273-0A7A845014EF}.Release|x64.ActiveCfg = Release|x64
		{30ED3DD8-445F-4C73-8273-0A7A845014EF}.Release|x64.Build.0 = Release|x64
		{30ED3DD8-445F-4C73-8273-0A7A845014EF}.Release|x86.ActiveCfg = Release|Win32
		{30ED3DD8-445F-4C73-8273-0A7A845014EF}.Release|x86.Build.0 = Release|Win32
	EndGlobalSection
	GlobalSection(SolutionProperties) = preSolution
		HideSolutionNode = FALSE
	EndGlobalSection
	GlobalSection(ExtensibilityGlobals) = postSolution
		SolutionGuid = {11551F58-F76D-4E7F-B650-64D31A3CC9C7}
	EndGlobalSection
EndGlobal
